
Microsoft Visual Studio Solution File, Format Version 12.00
# Visual Studio Version 17
VisualStudioVersion = 17.8.34511.84
MinimumVisualStudioVersion = 10.0.40219.1
Project("{FAE04EC0-301F-11D3-BF4B-00C04F79EFBC}") = "annulus", "annulus\annulus.csproj", "{8C3E57F4-C010-4E2E-92F5-676AC1CF2FF7}"
EndProject
Global
	GlobalSection(SolutionConfigurationPlatforms) = preSolution
		Debug|Any CPU = Debug|Any CPU
		Release|Any CPU = Release|Any CPU
	EndGlobalSection
	GlobalSection(ProjectConfigurationPlatforms) = postSolution
		{8C3E57F4-C010-4E2E-92F5-676AC1CF2FF7}.Debug|Any CPU.ActiveCfg = Debug|Any CPU
		{8C3E57F4-C010-4E2E-92F5-676AC1CF2FF7}.Debug|Any CPU.Build.0 = Debug|Any CPU
		{8C3E57F4-C010-4E2E-92F5-676AC1CF2FF7}.Release|Any CPU.ActiveCfg = Release|Any CPU
		{8C3E57F4-C010-4E2E-92F5-676AC1CF2FF7}.Release|Any CPU.Build.0 = Release|Any CPU
	EndGlobalSection
	GlobalSection(SolutionProperties) = preSolution
		HideSolutionNode = FALSE
	EndGlobalSection
	GlobalSection(ExtensibilityGlobals) = postSolution
		SolutionGuid = {CC3E2D74-CEC7-4496-8CA9-3E8164DD6CD0}
	EndGlobalSection
EndGlobal
